
Microsoft Visual Studio Solution File, Format Version 12.00
# Visual Studio 14
VisualStudioVersion = 14.0.25420.1
MinimumVisualStudioVersion = 10.0.40219.1
Project("{E24C65DC-7377-472B-9ABA-BC803B73C61A}") = "fsync-node", ".", "{59E8EC53-6978-460A-8DE4-FC62DC73F26E}"
	ProjectSection(WebsiteProperties) = preProject
		TargetFrameworkMoniker = ".NETFramework,Version%3Dv4.0"
		Debug.AspNetCompiler.VirtualPath = "/localhost_57765"
		Debug.AspNetCompiler.PhysicalPath = "..\fsync-node\"
		Debug.AspNetCompiler.TargetPath = "PrecompiledWeb\localhost_57765\"
		Debug.AspNetCompiler.Updateable = "true"
		Debug.AspNetCompiler.ForceOverwrite = "true"
		Debug.AspNetCompiler.FixedNames = "false"
		Debug.AspNetCompiler.Debug = "True"
		Release.AspNetCompiler.VirtualPath = "/localhost_57765"
		Release.AspNetCompiler.PhysicalPath = "..\fsync-node\"
		Release.AspNetCompiler.TargetPath = "PrecompiledWeb\localhost_57765\"
		Release.AspNetCompiler.Updateable = "true"
		Release.AspNetCompiler.ForceOverwrite = "true"
		Release.AspNetCompiler.FixedNames = "false"
		Release.AspNetCompiler.Debug = "False"
		VWDPort = "57765"
		SlnRelativePath = "..\fsync-node\"
	EndProjectSection
EndProject
Global
	GlobalSection(SolutionConfigurationPlatforms) = preSolution
		Debug|Any CPU = Debug|Any CPU
	EndGlobalSection
	GlobalSection(ProjectConfigurationPlatforms) = postSolution
		{59E8EC53-6978-460A-8DE4-FC62DC73F26E}.Debug|Any CPU.ActiveCfg = Debug|Any CPU
		{59E8EC53-6978-460A-8DE4-FC62DC73F26E}.Debug|Any CPU.Build.0 = Debug|Any CPU
	EndGlobalSection
	GlobalSection(SolutionProperties) = preSolution
		HideSolutionNode = FALSE
	EndGlobalSection
EndGlobal
